lockfileVersion: '9.0'

settings:
  autoInstallPeers: true
  excludeLinksFromLockfile: false

importers:

  .:
    dependencies:
      '@matrixai/events':
        specifier: ^4.0.0
        version: 4.0.0
      '@matrixai/quic':
        specifier: ^1.3.0
        version: 1.3.0
      handlebars:
        specifier: ^4.7.8
        version: 4.7.8
      mime-types:
        specifier: ^2.1.35
        version: 2.1.35
      perf_hooks:
        specifier: ^0.0.1
        version: 0.0.1
      quick.db:
        specifier: ^9.1.7
        version: 9.1.7
      write-file-atomic:
        specifier: ^5.0.1
        version: 5.0.1
      zlib:
        specifier: ^1.0.5
        version: 1.0.5
    devDependencies:
      '@types/mime-types':
        specifier: ^2.1.4
        version: 2.1.4
      '@types/node':
        specifier: ^20.14.9
        version: 20.16.11
      sass:
        specifier: ^1.77.8
        version: 1.79.5
      ts-node:
        specifier: ^10.9.2
        version: 10.9.2(@types/node@20.16.11)(typescript@5.6.3)
      typescript:
        specifier: ^5.5.3
        version: 5.6.3

packages:

  '@cspotcode/source-map-support@0.8.1':
    resolution: {integrity: sha512-IchNf6dN4tHoMFIn/7OE8LWZ19Y6q/67Bmf6vnGREv8RSbBVb9LPJxEcnwrcwX6ixSvaiGoomAUvu4YSxXrVgw==}
    engines: {node: '>=12'}

  '@jridgewell/resolve-uri@3.1.2':
    resolution: {integrity: sha512-bRISgCIjP20/tbWSPWMEi54QVPRZExkuD9lJL+UIxUKtwVJA8wW1Trb1jMs1RFXo1CBTNZ/5hpC9QvmKWdopKw==}
    engines: {node: '>=6.0.0'}

  '@jridgewell/sourcemap-codec@1.5.0':
    resolution: {integrity: sha512-gv3ZRaISU3fjPAgNsriBRqGWQL6quFx04YMPW/zD8XMLsU32mhCCbfbO6KZFLjvYpCZ8zyDEgqsgf+PwPaM7GQ==}

  '@jridgewell/trace-mapping@0.3.9':
    resolution: {integrity: sha512-3Belt6tdc8bPgAtbcmdtNJlirVoTmEb5e2gC94PnkwEW9jI6CAHUeoG85tjWP5WquqfavoMtMwiG4P926ZKKuQ==}

  '@matrixai/async-cancellable@1.1.1':
    resolution: {integrity: sha512-f0yxu7dHwvffZ++7aCm2WIcCJn18uLcOTdCCwEA3R3KVHYE3TG/JNoTWD9/mqBkAV1AI5vBfJzg27WnF9rOUXQ==}

  '@matrixai/async-init@1.10.0':
    resolution: {integrity: sha512-JjUFu6rqd+dtTHFJ6z8bjbceuFGBj/APWfJByVsfbEH1DJsOgWERFcW3DBUrS0mgTph4Vl518tsNcsSwKT5Y+g==}

  '@matrixai/async-locks@4.0.0':
    resolution: {integrity: sha512-u/3fOdtjOKcDYF8dDoPR1/+7nmOkhxo42eBpXTEgfI0hLPGI37PoW7tjLvwy+O51Quy1HGOwhsR/Dgr4x+euug==}

  '@matrixai/contexts@1.2.0':
    resolution: {integrity: sha512-MR/B02Kf4UoliP9b/gMMKsvWV6QM4JSPKTIqrhQP2tbOl3FwLI+AIhL3vgYEj1Xw+PP8bY5cr8ontJ8x6AJyMg==}

  '@matrixai/errors@1.2.0':
    resolution: {integrity: sha512-eZHPHFla5GFmi0O0yGgbtkca+ZjwpDbMz+60NC3y+DzQq6BMoe4gHmPjDalAHTxyxv0+Q+AWJTuV8Ows+IqBfQ==}

  '@matrixai/events@3.2.3':
    resolution: {integrity: sha512-bZrNCwzYeFalGQpn8qa/jgD10mUAwLRbv6xGMI7gGz1f+vE65d3GPoJ6JoFOJSg9iCmRSayQJ+IipH3LMATvDA==}

  '@matrixai/events@4.0.0':
    resolution: {integrity: sha512-Z4cggoWDKEIi/YjOwbtonSaRCptM91T4JbQbLHP/kOxG/wHcjijavWQfEfWm6yszxm8WKhufm0alV+UhedyCqA==}

  '@matrixai/logger@3.1.3':
    resolution: {integrity: sha512-wIHyiAzkrlZ/qlss4HLtXFzdlk1hxmAb0FNCQMd7ZwiHJABiKbvQtFSpBUvUakZYwYomiFmHwTYkHloiIVjrsg==}

  '@matrixai/quic-darwin-arm64@1.3.0':
    resolution: {integrity: sha512-JBme48glNM4CveIMCShEsPP1v8jLXxaOrhbygf/mETghkOumwkeX4HaNV/PnM71l3CzfPrahTYpjRRPzvQVhaQ==}
    cpu: [arm64]
    os: [darwin]

  '@matrixai/quic-darwin-universal@1.3.0':
    resolution: {integrity: sha512-kx1P732UnK+W1xFrzAqvLO1mSsjDYU8ZusXa1uu4qFraAskQ+QKyDqdtGHq2I1TrTOseUGduNcjytdQKjn25fg==}
    cpu: [x64, arm64]
    os: [darwin]

  '@matrixai/quic-darwin-x64@1.3.0':
    resolution: {integrity: sha512-A4jMHp5h2FOv0kvasDL7tSOTK+V8y5KNDvZt8h2HMHfG68ajSNDXKughV0HOvRc2ucVemi1dWphFTGJa0g0UvA==}
    cpu: [x64]
    os: [darwin]

  '@matrixai/quic-linux-x64@1.3.0':
    resolution: {integrity: sha512-VQ1lo05GvJvvL3JGr+u8qMGMjgkYmd35tKQwInWWGgPEt4LicYGY1+zl86YGwB6iU+xOGSdq3PfImNjmpRdBDw==}
    cpu: [x64]
    os: [linux]

  '@matrixai/quic-win32-x64@1.3.0':
    resolution: {integrity: sha512-mTSguo5nTDVnQr7hyOOWrTOVDcnEGw9E258his/dSOxqizyJOK6qEhKCs++8kAAHUVKunS+x6VB9uYwF7hoqcw==}
    cpu: [x64]
    os: [win32]

  '@matrixai/quic@1.3.0':
    resolution: {integrity: sha512-kJTeSQljpiuuObzJ+xD8cfP5dFlFa1+pwWlbUByFQ9PoPPVUCw3dUBlpQXjm493BfXGMmjOxvlYAXRyMxaOdmw==}

  '@matrixai/resources@1.1.5':
    resolution: {integrity: sha512-m/DEZEe3wHqWEPTyoBtzFF6U9vWYhEnQtGgwvqiAlTxTM0rk96UBpWjDZCTF/vYG11ZlmlQFtg5H+zGgbjaB3Q==}

  '@matrixai/timer@1.1.3':
    resolution: {integrity: sha512-BG5bAZMIt7qxc9iqAOCk2zm7V0+yNQLwp+WhsWVkP25Nvd1klqKpScE1lGwoLA27ygxEi+8IRU3wa8PLrhs0DQ==}

  '@parcel/watcher-android-arm64@2.4.1':
    resolution: {integrity: sha512-LOi/WTbbh3aTn2RYddrO8pnapixAziFl6SMxHM69r3tvdSm94JtCenaKgk1GRg5FJ5wpMCpHeW+7yqPlvZv7kg==}
    engines: {node: '>= 10.0.0'}
    cpu: [arm64]
    os: [android]

  '@parcel/watcher-darwin-arm64@2.4.1':
    resolution: {integrity: sha512-ln41eihm5YXIY043vBrrHfn94SIBlqOWmoROhsMVTSXGh0QahKGy77tfEywQ7v3NywyxBBkGIfrWRHm0hsKtzA==}
    engines: {node: '>= 10.0.0'}
    cpu: [arm64]
    os: [darwin]

  '@parcel/watcher-darwin-x64@2.4.1':
    resolution: {integrity: sha512-yrw81BRLjjtHyDu7J61oPuSoeYWR3lDElcPGJyOvIXmor6DEo7/G2u1o7I38cwlcoBHQFULqF6nesIX3tsEXMg==}
    engines: {node: '>= 10.0.0'}
    cpu: [x64]
    os: [darwin]

  '@parcel/watcher-freebsd-x64@2.4.1':
    resolution: {integrity: sha512-TJa3Pex/gX3CWIx/Co8k+ykNdDCLx+TuZj3f3h7eOjgpdKM+Mnix37RYsYU4LHhiYJz3DK5nFCCra81p6g050w==}
    engines: {node: '>= 10.0.0'}
    cpu: [x64]
    os: [freebsd]

  '@parcel/watcher-linux-arm-glibc@2.4.1':
    resolution: {integrity: sha512-4rVYDlsMEYfa537BRXxJ5UF4ddNwnr2/1O4MHM5PjI9cvV2qymvhwZSFgXqbS8YoTk5i/JR0L0JDs69BUn45YA==}
    engines: {node: '>= 10.0.0'}
    cpu: [arm]
    os: [linux]

  '@parcel/watcher-linux-arm64-glibc@2.4.1':
    resolution: {integrity: sha512-BJ7mH985OADVLpbrzCLgrJ3TOpiZggE9FMblfO65PlOCdG++xJpKUJ0Aol74ZUIYfb8WsRlUdgrZxKkz3zXWYA==}
    engines: {node: '>= 10.0.0'}
    cpu: [arm64]
    os: [linux]

  '@parcel/watcher-linux-arm64-musl@2.4.1':
    resolution: {integrity: sha512-p4Xb7JGq3MLgAfYhslU2SjoV9G0kI0Xry0kuxeG/41UfpjHGOhv7UoUDAz/jb1u2elbhazy4rRBL8PegPJFBhA==}
    engines: {node: '>= 10.0.0'}
    cpu: [arm64]
    os: [linux]

  '@parcel/watcher-linux-x64-glibc@2.4.1':
    resolution: {integrity: sha512-s9O3fByZ/2pyYDPoLM6zt92yu6P4E39a03zvO0qCHOTjxmt3GHRMLuRZEWhWLASTMSrrnVNWdVI/+pUElJBBBg==}
    engines: {node: '>= 10.0.0'}
    cpu: [x64]
    os: [linux]

  '@parcel/watcher-linux-x64-musl@2.4.1':
    resolution: {integrity: sha512-L2nZTYR1myLNST0O632g0Dx9LyMNHrn6TOt76sYxWLdff3cB22/GZX2UPtJnaqQPdCRoszoY5rcOj4oMTtp5fQ==}
    engines: {node: '>= 10.0.0'}
    cpu: [x64]
    os: [linux]

  '@parcel/watcher-win32-arm64@2.4.1':
    resolution: {integrity: sha512-Uq2BPp5GWhrq/lcuItCHoqxjULU1QYEcyjSO5jqqOK8RNFDBQnenMMx4gAl3v8GiWa59E9+uDM7yZ6LxwUIfRg==}
    engines: {node: '>= 10.0.0'}
    cpu: [arm64]
    os: [win32]

  '@parcel/watcher-win32-ia32@2.4.1':
    resolution: {integrity: sha512-maNRit5QQV2kgHFSYwftmPBxiuK5u4DXjbXx7q6eKjq5dsLXZ4FJiVvlcw35QXzk0KrUecJmuVFbj4uV9oYrcw==}
    engines: {node: '>= 10.0.0'}
    cpu: [ia32]
    os: [win32]

  '@parcel/watcher-win32-x64@2.4.1':
    resolution: {integrity: sha512-+DvS92F9ezicfswqrvIRM2njcYJbd5mb9CUgtrHCHmvn7pPPa+nMDRu1o1bYYz/l5IB2NVGNJWiH7h1E58IF2A==}
    engines: {node: '>= 10.0.0'}
    cpu: [x64]
    os: [win32]

  '@parcel/watcher@2.4.1':
    resolution: {integrity: sha512-HNjmfLQEVRZmHRET336f20H/8kOozUGwk7yajvsonjNxbj2wBTK1WsQuHkD5yYh9RxFGL2EyDHryOihOwUoKDA==}
    engines: {node: '>= 10.0.0'}

  '@tsconfig/node10@1.0.11':
    resolution: {integrity: sha512-DcRjDCujK/kCk/cUe8Xz8ZSpm8mS3mNNpta+jGCA6USEDfktlNvm1+IuZ9eTcDbNk41BHwpHHeW+N1lKCz4zOw==}

  '@tsconfig/node12@1.0.11':
    resolution: {integrity: sha512-cqefuRsh12pWyGsIoBKJA9luFu3mRxCA+ORZvA4ktLSzIuCUtWVxGIuXigEwO5/ywWFMZ2QEGKWvkZG1zDMTag==}

  '@tsconfig/node14@1.0.3':
    resolution: {integrity: sha512-ysT8mhdixWK6Hw3i1V2AeRqZ5WfXg1G43mqoYlM2nc6388Fq5jcXyr5mRsqViLx/GJYdoL0bfXD8nmF+Zn/Iow==}

  '@tsconfig/node16@1.0.4':
    resolution: {integrity: sha512-vxhUy4J8lyeyinH7Azl1pdd43GJhZH/tP2weN8TntQblOY+A0XbT8DJk1/oCPuOOyg/Ja757rG0CgHcWC8OfMA==}

  '@types/mime-types@2.1.4':
    resolution: {integrity: sha512-lfU4b34HOri+kAY5UheuFMWPDOI+OPceBSHZKp69gEyTL/mmJ4cnU6Y/rlme3UL3GyOn6Y42hyIEw0/q8sWx5w==}

  '@types/node@20.16.11':
    resolution: {integrity: sha512-y+cTCACu92FyA5fgQSAI8A1H429g7aSK2HsO7K4XYUWc4dY5IUz55JSDIYT6/VsOLfGy8vmvQYC2hfb0iF16Uw==}

  acorn-walk@8.3.4:
    resolution: {integrity: sha512-ueEepnujpqee2o5aIYnvHU6C0A42MNdsIDeqy5BydrkuC5R1ZuUFnm27EeFJGoEHJQgn3uleRvmTXaJgfXbt4g==}
    engines: {node: '>=0.4.0'}

  acorn@8.12.1:
    resolution: {integrity: sha512-tcpGyI9zbizT9JbV6oYE477V6mTlXvvi0T0G3SNIYE2apm/G5huBa1+K89VGeovbg+jycCrfhl3ADxErOuO6Jg==}
    engines: {node: '>=0.4.0'}
    hasBin: true

  arg@4.1.3:
    resolution: {integrity: sha512-58S9QDqG0Xx27YwPSt9fJxivjYl432YCwfDMfZ+71RAqUrZef7LrKQZ3LHLOwCS4FLNBplP533Zx895SeOCHvA==}

  braces@3.0.3:
    resolution: {integrity: sha512-yQbXgO/OSZVD2IsiLlro+7Hf6Q18EJrKSEsdoMzKePKXct3gvD8oLcOQdIzGupr5Fj+EDe8gO/lxc1BzfMpxvA==}
    engines: {node: '>=8'}

  chokidar@4.0.1:
    resolution: {integrity: sha512-n8enUVCED/KVRQlab1hr3MVpcVMvxtZjmEa956u+4YijlmQED223XMSYj2tLuKvr4jcCTzNNMpQDUer72MMmzA==}
    engines: {node: '>= 14.16.0'}

  create-require@1.1.1:
    resolution: {integrity: sha512-dcKFX3jn0MpIaXjisoRvexIJVEKzaq7z2rZKxf+MSr9TkdmHmsU4m2lcLojrj/FHl8mk5VxMmYA+ftRkP/3oKQ==}

  detect-libc@1.0.3:
    resolution: {integrity: sha512-pGjwhsmsp4kL2RTz08wcOlGN83otlqHeD/Z5T8GXZB+/YcpQ/dgo+lbU8ZsGxV0HIvqqxo9l7mqYwyYMD9bKDg==}
    engines: {node: '>=0.10'}
    hasBin: true

  diff@4.0.2:
    resolution: {integrity: sha512-58lmxKSA4BNyLz+HHMUzlOEpg09FV+ev6ZMe3vJihgdxzgcwZ8VoEEPmALCZG9LmqfVoNMMKpttIYTVG6uDY7A==}
    engines: {node: '>=0.3.1'}

  fill-range@7.1.1:
    resolution: {integrity: sha512-YsGpe3WHLK8ZYi4tWDg2Jy3ebRz2rXowDxnld4bkQB00cc/1Zw9AWnC0i9ztDJitivtQvaI9KaLyKrc+hBW0yg==}
    engines: {node: '>=8'}

  handlebars@4.7.8:
    resolution: {integrity: sha512-vafaFqs8MZkRrSX7sFVUdo3ap/eNiLnb4IakshzvP56X5Nr1iGKAIqdX6tMlm6HcNRIkr6AxO5jFEoJzzpT8aQ==}
    engines: {node: '>=0.4.7'}
    hasBin: true

  immutable@4.3.7:
    resolution: {integrity: sha512-1hqclzwYwjRDFLjcFxOM5AYkkG0rpFPpr1RLPMEuGczoS7YA8gLhy8SWXYRAA/XwfEHpfo3cw5JGioS32fnMRw==}

  imurmurhash@0.1.4:
    resolution: {integrity: sha512-JmXMZ6wuvDmLiHEml9ykzqO6lwFbof0GG4IkcGaENdCRDDmMVnny7s5HsIgHCbaq0w2MyPhDqkhTUgS2LU2PHA==}
    engines: {node: '>=0.8.19'}

  ip-num@1.5.1:
    resolution: {integrity: sha512-QziFxgxq3mjIf5CuwlzXFYscHxgLqdEdJKRo2UJ5GurL5zrSRMzT/O+nK0ABimoFH8MWF8YwIiwECYsHc1LpUQ==}

  is-extglob@2.1.1:
    resolution: {integrity: sha512-SbKbANkN603Vi4jEZv49LeVJMn4yGwsbzZworEoyEiutsN3nJYdbO36zfhGJ6QEDpOZIFkDtnq5JRxmvl3jsoQ==}
    engines: {node: '>=0.10.0'}

  is-glob@4.0.3:
    resolution: {integrity: sha512-xelSayHH36ZgE7ZWhli7pW34hNbNl8Ojv5KVmkJD4hBdD3th8Tfk9vYasLM+mXWOZhFkgZfxhLSnrwRr4elSSg==}
    engines: {node: '>=0.10.0'}

  is-number@7.0.0:
    resolution: {integrity: sha512-41Cifkg6e8TylSpdtTpeLVMqvSBEVzTttHvERD741+pnZ8ANv0004MRL43QKPDlK9cGvNp6NZWZUBlbGXYxxng==}
    engines: {node: '>=0.12.0'}

  lodash@4.17.21:
    resolution: {integrity: sha512-v2kDEe57lecTulaDIuNTPy3Ry4gLGJ6Z1O3vE1krgXZNrsQ+LFTGHVxVjcXPs17LhbZVGedAJv8XZ1tvj5FvSg==}

  make-error@1.3.6:
    resolution: {integrity: sha512-s8UhlNe7vPKomQhC1qFelMokr/Sc3AgNbso3n74mVPA5LTZwkB9NlXf4XPamLxJE8h0gh73rM94xvwRT2CVInw==}

  micromatch@4.0.8:
    resolution: {integrity: sha512-PXwfBhYu0hBCPw8Dn0E+WDYb7af3dSLVWKi3HGv84IdF4TyFoC0ysxFd0Goxw7nSv4T/PzEJQxsYsEiFCKo2BA==}
    engines: {node: '>=8.6'}

  mime-db@1.52.0:
    resolution: {integrity: sha512-sPU4uV7dYlvtWJxwwxHD0PuihVNiE7TyAbQ5SWxDCB9mUYvOgroQOwYQQOKPJ8CIbE+1ETVlOoK1UC2nU3gYvg==}
    engines: {node: '>= 0.6'}

  mime-types@2.1.35:
    resolution: {integrity: sha512-ZDY+bPm5zTTF+YpCrAU9nK0UgICYPT0QtT1NZWFv4s++TNkcgVaT0g6+4R2uI4MjQjzysHB1zxuWL50hzaeXiw==}
    engines: {node: '>= 0.6'}

  minimist@1.2.8:
    resolution: {integrity: sha512-2yyAR8qBkN3YuheJanUpWC5U3bb5osDywNB8RzDVlDwDHbocAJveqqj1u8+SVD7jkWT4yvsHCpWqqWqAxb0zCA==}

  neo-async@2.6.2:
    resolution: {integrity: sha512-Yd3UES5mWCSqR+qNT93S3UoYUkqAZ9lLg8a7g9rimsWmYGK8cVToA4/sF3RrshdyV3sAGMXVUmpMYOw+dLpOuw==}

  node-addon-api@7.1.1:
    resolution: {integrity: sha512-5m3bsyrjFWE1xf7nz7YXdN4udnVtXK6/Yfgn5qnahL6bCkf2yKt4k3nuTKAtT4r3IG8JNR2ncsIMdZuAzJjHQQ==}

  perf_hooks@0.0.1:
    resolution: {integrity: sha512-qG/D9iA4KDme+KF4vCObJy6Bouu3BlQnmJ8jPydVPm32NJBD9ZK1ZNgXSYaZKHkVC1sKSqUiLgFvAZPUiIEnBw==}

  picomatch@2.3.1:
    resolution: {integrity: sha512-JU3teHTNjmE2VCGFzuY8EXzCDVwEqB2a8fsIvwaStHhAWJEeVd1o1QD80CU6+ZdEXXSLbSsuLwJjkCBWqRQUVA==}
    engines: {node: '>=8.6'}

  quick.db@9.1.7:
    resolution: {integrity: sha512-ZLPVLVFZtvFRLHqIK99iyrLDUznOTpnp5tB+QpGErT+reDSvgBELuVsMkGSSiqKT9R2YSOhO+096Wb0xTaOHMA==}

  readdirp@4.0.2:
    resolution: {integrity: sha512-yDMz9g+VaZkqBYS/ozoBJwaBhTbZo3UNYQHNRw1D3UFQB8oHB4uS/tAODO+ZLjGWmUbKnIlOWO+aaIiAxrUWHA==}
    engines: {node: '>= 14.16.0'}

  sass@1.79.5:
    resolution: {integrity: sha512-W1h5kp6bdhqFh2tk3DsI771MoEJjvrSY/2ihJRJS4pjIyfJCw0nTsxqhnrUzaLMOJjFchj8rOvraI/YUVjtx5g==}
    engines: {node: '>=14.0.0'}
    hasBin: true

  signal-exit@4.1.0:
    resolution: {integrity: sha512-bzyZ1e88w9O1iNJbKnOlvYTrWPDl46O1bG0D3XInv+9tkPrxrN8jUUTiFlDkkmKWgn1M6CfIA13SuGqOa9Korw==}
    engines: {node: '>=14'}

  source-map-js@1.2.1:
    resolution: {integrity: sha512-UXWMKhLOwVKb728IUtQPXxfYU+usdybtUrK/8uGE8CQMvrhOpwvzDBwj0QhSL7MQc7vIsISBG8VQ8+IDQxpfQA==}
    engines: {node: '>=0.10.0'}

  source-map@0.6.1:
    resolution: {integrity: sha512-UjgapumWlbMhkBgzT7Ykc5YXUT46F0iKu8SGXq0bcwP5dz/h0Plj6enJqjz1Zbq2l5WaqYnrVbwWOWMyF3F47g==}
    engines: {node: '>=0.10.0'}

  to-regex-range@5.0.1:
    resolution: {integrity: sha512-65P7iz6X5yEr1cwcgvQxbbIw7Uk3gOy5dIdtZ4rDveLqhrdJP+Li/Hx6tyK0NEb+2GCyneCMJiGqrADCSNk8sQ==}
    engines: {node: '>=8.0'}

  ts-custom-error@3.2.2:
    resolution: {integrity: sha512-u0YCNf2lf6T/vHm+POKZK1yFKWpSpJitcUN3HxqyEcFuNnHIDbyuIQC7QDy/PsBX3giFyk9rt6BFqBAh2lsDZQ==}
    engines: {node: '>=14.0.0'}

  ts-node@10.9.2:
    resolution: {integrity: sha512-f0FFpIdcHgn8zcPSbf1dRevwt047YMnaiJM3u2w2RewrB+fob/zePZcrOyQoLMMO7aBIddLcQIEK5dYjkLnGrQ==}
    hasBin: true
    peerDependencies:
      '@swc/core': '>=1.2.50'
      '@swc/wasm': '>=1.2.50'
      '@types/node': '*'
      typescript: '>=2.7'
    peerDependenciesMeta:
      '@swc/core':
        optional: true
      '@swc/wasm':
        optional: true

  typescript@5.6.3:
    resolution: {integrity: sha512-hjcS1mhfuyi4WW8IWtjP7brDrG2cuDZukyrYrSauoXGNgx0S7zceP07adYkJycEr56BOUTNPzbInooiN3fn1qw==}
    engines: {node: '>=14.17'}
    hasBin: true

  uglify-js@3.19.3:
    resolution: {integrity: sha512-v3Xu+yuwBXisp6QYTcH4UbH+xYJXqnq2m/LtQVWKWzYc1iehYnLixoQDN9FH6/j9/oybfd6W9Ghwkl8+UMKTKQ==}
    engines: {node: '>=0.8.0'}
    hasBin: true

  undici-types@6.19.8:
    resolution: {integrity: sha512-ve2KP6f/JnbPBFyobGHuerC9g1FYGn/F8n1LWTwNxCEzd6IfqTwUQcNXgEtmmQ6DlRrC1hrSrBnCZPokRrDHjw==}

  v8-compile-cache-lib@3.0.1:
    resolution: {integrity: sha512-wa7YjyUGfNZngI/vtK0UHAN+lgDCxBPCylVXGp0zu59Fz5aiGtNXaq3DhIov063MorB+VfufLh3JlF2KdTK3xg==}

  wordwrap@1.0.0:
    resolution: {integrity: sha512-gvVzJFlPycKc5dZN4yPkP8w7Dc37BtP1yczEneOb4uq34pXZcvrtRTmWV8W+Ume+XCxKgbjM+nevkyFPMybd4Q==}

  write-file-atomic@5.0.1:
    resolution: {integrity: sha512-+QU2zd6OTD8XWIJCbffaiQeH9U73qIqafo1x6V1snCWYGJf6cVE0cDR4D8xRzcEnfI21IFrUPzPGtcPf8AC+Rw==}
    engines: {node: ^14.17.0 || ^16.13.0 || >=18.0.0}

  yn@3.1.1:
    resolution: {integrity: sha512-Ux4ygGWsu2c7isFWe8Yu1YluJmqVhxqK2cLXNQA5AcC3QfbGNpM7fu0Y8b/z16pXLnFxZYvWhd3fhBY9DLmC6Q==}
    engines: {node: '>=6'}

  zlib@1.0.5:
    resolution: {integrity: sha512-40fpE2II+Cd3k8HWTWONfeKE2jL+P42iWJ1zzps5W51qcTsOUKM5Q5m2PFb0CLxlmFAaUuUdJGc3OfZy947v0w==}
    engines: {node: '>=0.2.0'}

snapshots:

  '@cspotcode/source-map-support@0.8.1':
    dependencies:
      '@jridgewell/trace-mapping': 0.3.9

  '@jridgewell/resolve-uri@3.1.2': {}

  '@jridgewell/sourcemap-codec@1.5.0': {}

  '@jridgewell/trace-mapping@0.3.9':
    dependencies:
      '@jridgewell/resolve-uri': 3.1.2
      '@jridgewell/sourcemap-codec': 1.5.0

  '@matrixai/async-cancellable@1.1.1': {}

  '@matrixai/async-init@1.10.0':
    dependencies:
      '@matrixai/async-locks': 4.0.0
      '@matrixai/errors': 1.2.0
      '@matrixai/events': 3.2.3

  '@matrixai/async-locks@4.0.0':
    dependencies:
      '@matrixai/async-cancellable': 1.1.1
      '@matrixai/errors': 1.2.0
      '@matrixai/resources': 1.1.5
      '@matrixai/timer': 1.1.3

  '@matrixai/contexts@1.2.0':
    dependencies:
      '@matrixai/async-cancellable': 1.1.1
      '@matrixai/async-locks': 4.0.0
      '@matrixai/errors': 1.2.0
      '@matrixai/resources': 1.1.5
      '@matrixai/timer': 1.1.3

  '@matrixai/errors@1.2.0':
    dependencies:
      ts-custom-error: 3.2.2

  '@matrixai/events@3.2.3': {}

  '@matrixai/events@4.0.0': {}

  '@matrixai/logger@3.1.3': {}

  '@matrixai/quic-darwin-arm64@1.3.0':
    optional: true

  '@matrixai/quic-darwin-universal@1.3.0':
    optional: true

  '@matrixai/quic-darwin-x64@1.3.0':
    optional: true

  '@matrixai/quic-linux-x64@1.3.0':
    optional: true

  '@matrixai/quic-win32-x64@1.3.0':
    optional: true

  '@matrixai/quic@1.3.0':
    dependencies:
      '@matrixai/async-cancellable': 1.1.1
      '@matrixai/async-init': 1.10.0
      '@matrixai/async-locks': 4.0.0
      '@matrixai/contexts': 1.2.0
      '@matrixai/errors': 1.2.0
      '@matrixai/events': 3.2.3
      '@matrixai/logger': 3.1.3
      '@matrixai/resources': 1.1.5
      '@matrixai/timer': 1.1.3
      ip-num: 1.5.1
    optionalDependencies:
      '@matrixai/quic-darwin-arm64': 1.3.0
      '@matrixai/quic-darwin-universal': 1.3.0
      '@matrixai/quic-darwin-x64': 1.3.0
      '@matrixai/quic-linux-x64': 1.3.0
      '@matrixai/quic-win32-x64': 1.3.0

  '@matrixai/resources@1.1.5': {}

  '@matrixai/timer@1.1.3':
    dependencies:
      '@matrixai/async-cancellable': 1.1.1
      '@matrixai/errors': 1.2.0

  '@parcel/watcher-android-arm64@2.4.1':
    optional: true

  '@parcel/watcher-darwin-arm64@2.4.1':
    optional: true

  '@parcel/watcher-darwin-x64@2.4.1':
    optional: true

  '@parcel/watcher-freebsd-x64@2.4.1':
    optional: true

  '@parcel/watcher-linux-arm-glibc@2.4.1':
    optional: true

  '@parcel/watcher-linux-arm64-glibc@2.4.1':
    optional: true

  '@parcel/watcher-linux-arm64-musl@2.4.1':
    optional: true

  '@parcel/watcher-linux-x64-glibc@2.4.1':
    optional: true

  '@parcel/watcher-linux-x64-musl@2.4.1':
    optional: true

  '@parcel/watcher-win32-arm64@2.4.1':
    optional: true

  '@parcel/watcher-win32-ia32@2.4.1':
    optional: true

  '@parcel/watcher-win32-x64@2.4.1':
    optional: true

  '@parcel/watcher@2.4.1':
    dependencies:
      detect-libc: 1.0.3
      is-glob: 4.0.3
      micromatch: 4.0.8
      node-addon-api: 7.1.1
    optionalDependencies:
      '@parcel/watcher-android-arm64': 2.4.1
      '@parcel/watcher-darwin-arm64': 2.4.1
      '@parcel/watcher-darwin-x64': 2.4.1
      '@parcel/watcher-freebsd-x64': 2.4.1
      '@parcel/watcher-linux-arm-glibc': 2.4.1
      '@parcel/watcher-linux-arm64-glibc': 2.4.1
      '@parcel/watcher-linux-arm64-musl': 2.4.1
      '@parcel/watcher-linux-x64-glibc': 2.4.1
      '@parcel/watcher-linux-x64-musl': 2.4.1
      '@parcel/watcher-win32-arm64': 2.4.1
      '@parcel/watcher-win32-ia32': 2.4.1
      '@parcel/watcher-win32-x64': 2.4.1

  '@tsconfig/node10@1.0.11': {}

  '@tsconfig/node12@1.0.11': {}

  '@tsconfig/node14@1.0.3': {}

  '@tsconfig/node16@1.0.4': {}

  '@types/mime-types@2.1.4': {}

  '@types/node@20.16.11':
    dependencies:
      undici-types: 6.19.8

  acorn-walk@8.3.4:
    dependencies:
      acorn: 8.12.1

  acorn@8.12.1: {}

  arg@4.1.3: {}

  braces@3.0.3:
    dependencies:
      fill-range: 7.1.1

  chokidar@4.0.1:
    dependencies:
      readdirp: 4.0.2

  create-require@1.1.1: {}

  detect-libc@1.0.3: {}

  diff@4.0.2: {}

  fill-range@7.1.1:
    dependencies:
      to-regex-range: 5.0.1

  handlebars@4.7.8:
    dependencies:
      minimist: 1.2.8
      neo-async: 2.6.2
      source-map: 0.6.1
      wordwrap: 1.0.0
    optionalDependencies:
      uglify-js: 3.19.3

  immutable@4.3.7: {}

  imurmurhash@0.1.4: {}

  ip-num@1.5.1: {}

  is-extglob@2.1.1: {}

  is-glob@4.0.3:
    dependencies:
      is-extglob: 2.1.1

  is-number@7.0.0: {}

  lodash@4.17.21: {}

  make-error@1.3.6: {}

  micromatch@4.0.8:
    dependencies:
      braces: 3.0.3
      picomatch: 2.3.1

  mime-db@1.52.0: {}

  mime-types@2.1.35:
    dependencies:
      mime-db: 1.52.0

  minimist@1.2.8: {}

  neo-async@2.6.2: {}

  node-addon-api@7.1.1: {}

  perf_hooks@0.0.1: {}

  picomatch@2.3.1: {}

  quick.db@9.1.7:
    dependencies:
      lodash: 4.17.21

  readdirp@4.0.2: {}

  sass@1.79.5:
    dependencies:
      '@parcel/watcher': 2.4.1
      chokidar: 4.0.1
      immutable: 4.3.7
      source-map-js: 1.2.1

  signal-exit@4.1.0: {}

  source-map-js@1.2.1: {}

  source-map@0.6.1: {}

  to-regex-range@5.0.1:
    dependencies:
      is-number: 7.0.0

  ts-custom-error@3.2.2: {}

  ts-node@10.9.2(@types/node@20.16.11)(typescript@5.6.3):
    dependencies:
      '@cspotcode/source-map-support': 0.8.1
      '@tsconfig/node10': 1.0.11
      '@tsconfig/node12': 1.0.11
      '@tsconfig/node14': 1.0.3
      '@tsconfig/node16': 1.0.4
      '@types/node': 20.16.11
      acorn: 8.12.1
      acorn-walk: 8.3.4
      arg: 4.1.3
      create-require: 1.1.1
      diff: 4.0.2
      make-error: 1.3.6
      typescript: 5.6.3
      v8-compile-cache-lib: 3.0.1
      yn: 3.1.1

  typescript@5.6.3: {}

  uglify-js@3.19.3:
    optional: true

  undici-types@6.19.8: {}

  v8-compile-cache-lib@3.0.1: {}

  wordwrap@1.0.0: {}

  write-file-atomic@5.0.1:
    dependencies:
      imurmurhash: 0.1.4
      signal-exit: 4.1.0

  yn@3.1.1: {}

  zlib@1.0.5: {}
